<?xml version="1.0" encoding="UTF-8" standalone="yes" ?>
<CodeBlocks_project_file>
	<FileVersion major="1" minor="6" />
	<Project>
		<Option title="Doom Map Database" />
		<Option pch_mode="2" />
		<Option compiler="gcc" />
		<Build>
			<Target title="Debug">
				<Option output="bin/Debug/Doom Map Database" prefix_auto="1" extension_auto="1" />
				<Option object_output="obj/Debug/" />
				<Option type="0" />
				<Option compiler="gcc" />
				<Option projectLinkerOptionsRelation="2" />
				<Compiler>
					<Add option="-g" />
					<Add directory="E:/Dev/wxWidgets/lib/gcc_dll/mswu" />
					<Add directory="include" />
					<Add directory="gui/" />
					<Add directory="data" />
					<Add directory="gui" />
					<Add directory="Headers/gui" />
				</Compiler>
				<ResourceCompiler>
					<Add directory="E:/Dev/wxWidgets/lib/gcc_dll/mswu" />
				</ResourceCompiler>
				<Linker>
					<Add library="libwxmsw31u.a" />
					<Add directory="E:/Dev/wxWidgets/lib/gcc_dll" />
				</Linker>
			</Target>
			<Target title="Release">
				<Option output="bin/Release/Doom Map Database" prefix_auto="1" extension_auto="1" />
				<Option object_output="obj/Release/" />
				<Option type="0" />
				<Option compiler="gcc" />
				<Option projectLinkerOptionsRelation="2" />
				<Compiler>
					<Add option="-O2" />
					<Add directory="E:/Dev/wxWidgets/lib/gcc_dll/mswu" />
					<Add directory="include" />
					<Add directory="gui/" />
					<Add directory="data" />
					<Add directory="gui" />
					<Add directory="Headers/gui" />
				</Compiler>
				<ResourceCompiler>
					<Add directory="E:/Dev/wxWidgets/lib/gcc_dll/mswu" />
				</ResourceCompiler>
				<Linker>
					<Add option="-s" />
					<Add library="libwxmsw31u.a" />
					<Add directory="E:/Dev/wxWidgets/lib/gcc_dll" />
				</Linker>
			</Target>
		</Build>
		<Compiler>
			<Add option="-pipe" />
			<Add option="-mthreads" />
			<Add option="-D__GNUWIN32__" />
			<Add option="-D__WXMSW__" />
			<Add option="-DWXUSINGDLL" />
			<Add option="-DwxUSE_UNICODE" />
			<Add option="-Wall" />
			<Add directory="E:/Dev/wxWidgets/include" />
		</Compiler>
		<ResourceCompiler>
			<Add directory="E:/Dev/wxWidgets/include" />
		</ResourceCompiler>
		<Linker>
			<Add option="-mthreads" />
		</Linker>
		<Unit filename="GuiMain.cpp" />
		<Unit filename="GuiMain.h" />
		<Unit filename="LtbUtils.cpp" />
		<Unit filename="LtbUtils.h" />
		<Unit filename="TextReport.h" />
		<Unit filename="data/DataFilter.cpp" />
		<Unit filename="data/DataFilter.h" />
		<Unit filename="data/DataManager.cpp" />
		<Unit filename="data/DataManager.h" />
		<Unit filename="data/DataModel.cpp" />
		<Unit filename="data/DataModel.h" />
		<Unit filename="data/DecorateParser.cpp" />
		<Unit filename="data/DecorateParser.h" />
		<Unit filename="data/DehackedParser.cpp" />
		<Unit filename="data/DehackedParser.h" />
		<Unit filename="data/HexenMapStats.cpp" />
		<Unit filename="data/HexenMapStats.h" />
		<Unit filename="data/IncludeParser.cpp" />
		<Unit filename="data/IncludeParser.h" />
		<Unit filename="data/MapStatistics.cpp" />
		<Unit filename="data/MapStatistics.h" />
		<Unit filename="data/MapStats.cpp" />
		<Unit filename="data/MapStats.h" />
		<Unit filename="data/MapinfoParser.cpp" />
		<Unit filename="data/MapinfoParser.h" />
		<Unit filename="data/NodeStats.cpp" />
		<Unit filename="data/NodeStats.h" />
		<Unit filename="data/Pk3Stats.cpp" />
		<Unit filename="data/Pk3Stats.h" />
		<Unit filename="data/StatisticSet.cpp" />
		<Unit filename="data/StatisticSet.h" />
		<Unit filename="data/TaskProgress.cpp" />
		<Unit filename="data/TaskProgress.h" />
		<Unit filename="data/TextLumpParser.cpp" />
		<Unit filename="data/TextLumpParser.h" />
		<Unit filename="data/ThingDef.cpp" />
		<Unit filename="data/ThingDef.h" />
		<Unit filename="data/UdmfMapStats.cpp" />
		<Unit filename="data/UdmfMapStats.h" />
		<Unit filename="data/WadArchive.cpp" />
		<Unit filename="data/WadArchive.h" />
		<Unit filename="data/WadReader.cpp" />
		<Unit filename="data/WadReader.h" />
		<Unit filename="data/WadStats.cpp" />
		<Unit filename="data/WadStats.h" />
		<Unit filename="data/md5.cpp" />
		<Unit filename="data/md5.h" />
		<Unit filename="gui/GuiAspectDialog.cpp" />
		<Unit filename="gui/GuiAspectDialog.h" />
		<Unit filename="gui/GuiBase.cpp" />
		<Unit filename="gui/GuiBase.h" />
		<Unit filename="gui/GuiComboDialog.cpp" />
		<Unit filename="gui/GuiComboDialog.h" />
		<Unit filename="gui/GuiEntryList.cpp" />
		<Unit filename="gui/GuiEntryList.h" />
		<Unit filename="gui/GuiFrame.cpp" />
		<Unit filename="gui/GuiFrame.h" />
		<Unit filename="gui/GuiImagePanel.cpp" />
		<Unit filename="gui/GuiImagePanel.h" />
		<Unit filename="gui/GuiMapCommon.cpp" />
		<Unit filename="gui/GuiMapCommon.h" />
		<Unit filename="gui/GuiMapEntry.cpp" />
		<Unit filename="gui/GuiMapEntry.h" />
		<Unit filename="gui/GuiMapManager.cpp" />
		<Unit filename="gui/GuiMapManager.h" />
		<Unit filename="gui/GuiMapPanel.cpp" />
		<Unit filename="gui/GuiMapPanel.h" />
		<Unit filename="gui/GuiMapReport.cpp" />
		<Unit filename="gui/GuiMapReport.h" />
		<Unit filename="gui/GuiMapSelect.cpp" />
		<Unit filename="gui/GuiMapSelect.h" />
		<Unit filename="gui/GuiMinorDialogs.cpp" />
		<Unit filename="gui/GuiMinorDialogs.h" />
		<Unit filename="gui/GuiPersonDialogs.cpp" />
		<Unit filename="gui/GuiPersonDialogs.h" />
		<Unit filename="gui/GuiProgress.cpp" />
		<Unit filename="gui/GuiProgress.h" />
		<Unit filename="gui/GuiSettings.cpp" />
		<Unit filename="gui/GuiSettings.h" />
		<Unit filename="gui/GuiStatistics.cpp" />
		<Unit filename="gui/GuiStatistics.h" />
		<Unit filename="gui/GuiTagDialogs.cpp" />
		<Unit filename="gui/GuiTagDialogs.h" />
		<Unit filename="gui/GuiThingDef.cpp" />
		<Unit filename="gui/GuiThingDef.h" />
		<Unit filename="gui/GuiViewSelect.cpp" />
		<Unit filename="gui/GuiViewSelect.h" />
		<Unit filename="gui/GuiWadEntry.cpp" />
		<Unit filename="gui/GuiWadEntry.h" />
		<Unit filename="gui/GuiWadManager.cpp" />
		<Unit filename="gui/GuiWadManager.h" />
		<Unit filename="gui/GuiWadPanel.cpp" />
		<Unit filename="gui/GuiWadPanel.h" />
		<Unit filename="gui/GuiWadReport.cpp" />
		<Unit filename="gui/GuiWadReport.h" />
		<Unit filename="resource.rc">
			<Option compilerVar="WINDRES" />
		</Unit>
		<Extensions>
			<lib_finder disable_auto="1" />
		</Extensions>
	</Project>
</CodeBlocks_project_file>
