<?xml version="1.0" encoding="utf-8"?>
<Project ToolsVersion="4.0" xmlns="http://schemas.microsoft.com/developer/msbuild/2003">
  <ItemGroup>
    <Filter Include="Source Files">
      <UniqueIdentifier>{4FC737F1-C7A5-4376-A066-2A32D752A2FF}</UniqueIdentifier>
      <Extensions>cpp;c;cc;cxx;def;odl;idl;hpj;bat;asm;asmx</Extensions>
    </Filter>
    <Filter Include="Header Files">
      <UniqueIdentifier>{93995380-89BD-4b04-88EB-625FBE52EBFB}</UniqueIdentifier>
      <Extensions>h;hh;hpp;hxx;hm;inl;inc;ipp;xsd</Extensions>
    </Filter>
    <Filter Include="Resource Files">
      <UniqueIdentifier>{67DA6AB6-F800-4c08-8B7A-83BB121AAD01}</UniqueIdentifier>
      <Extensions>rc;ico;cur;bmp;dlg;rc2;rct;bin;rgs;gif;jpg;jpeg;jpe;resx;tiff;tif;png;wav;mfcribbon-ms</Extensions>
    </Filter>
  </ItemGroup>
  <ItemGroup>
    <ClInclude Include="data\DataFilter.h">
      <Filter>Header Files</Filter>
    </ClInclude>
    <ClInclude Include="data\DataManager.h">
      <Filter>Header Files</Filter>
    </ClInclude>
    <ClInclude Include="data\DataModel.h">
      <Filter>Header Files</Filter>
    </ClInclude>
    <ClInclude Include="data\DecorateParser.h">
      <Filter>Header Files</Filter>
    </ClInclude>
    <ClInclude Include="data\DehackedParser.h">
      <Filter>Header Files</Filter>
    </ClInclude>
    <ClInclude Include="data\HexenMapStats.h">
      <Filter>Header Files</Filter>
    </ClInclude>
    <ClInclude Include="data\IncludeParser.h">
      <Filter>Header Files</Filter>
    </ClInclude>
    <ClInclude Include="data\MapinfoParser.h">
      <Filter>Header Files</Filter>
    </ClInclude>
    <ClInclude Include="data\MapStatistics.h">
      <Filter>Header Files</Filter>
    </ClInclude>
    <ClInclude Include="data\MapStats.h">
      <Filter>Header Files</Filter>
    </ClInclude>
    <ClInclude Include="data\md5.h">
      <Filter>Header Files</Filter>
    </ClInclude>
    <ClInclude Include="data\NodeStats.h">
      <Filter>Header Files</Filter>
    </ClInclude>
    <ClInclude Include="data\Pk3Stats.h">
      <Filter>Header Files</Filter>
    </ClInclude>
    <ClInclude Include="data\StatisticSet.h">
      <Filter>Header Files</Filter>
    </ClInclude>
    <ClInclude Include="data\TaskProgress.h">
      <Filter>Header Files</Filter>
    </ClInclude>
    <ClInclude Include="data\TextLumpParser.h">
      <Filter>Header Files</Filter>
    </ClInclude>
    <ClInclude Include="data\ThingDef.h">
      <Filter>Header Files</Filter>
    </ClInclude>
    <ClInclude Include="data\UdmfMapStats.h">
      <Filter>Header Files</Filter>
    </ClInclude>
    <ClInclude Include="data\WadArchive.h">
      <Filter>Header Files</Filter>
    </ClInclude>
    <ClInclude Include="data\WadReader.h">
      <Filter>Header Files</Filter>
    </ClInclude>
    <ClInclude Include="data\WadStatistics.h">
      <Filter>Header Files</Filter>
    </ClInclude>
    <ClInclude Include="data\WadStats.h">
      <Filter>Header Files</Filter>
    </ClInclude>
    <ClInclude Include="GuiMain.h">
      <Filter>Header Files</Filter>
    </ClInclude>
    <ClInclude Include="LtbUtils.h">
      <Filter>Header Files</Filter>
    </ClInclude>
    <ClInclude Include="TextReport.h">
      <Filter>Header Files</Filter>
    </ClInclude>
    <ClInclude Include="gui\GuiAspectDialog.h">
      <Filter>Header Files</Filter>
    </ClInclude>
    <ClInclude Include="gui\GuiBase.h">
      <Filter>Header Files</Filter>
    </ClInclude>
    <ClInclude Include="gui\GuiComboDialog.h">
      <Filter>Header Files</Filter>
    </ClInclude>
    <ClInclude Include="gui\GuiEntryList.h">
      <Filter>Header Files</Filter>
    </ClInclude>
    <ClInclude Include="gui\GuiFrame.h">
      <Filter>Header Files</Filter>
    </ClInclude>
    <ClInclude Include="gui\GuiImagePanel.h">
      <Filter>Header Files</Filter>
    </ClInclude>
    <ClInclude Include="gui\GuiMapCommon.h">
      <Filter>Header Files</Filter>
    </ClInclude>
    <ClInclude Include="gui\GuiMapEntry.h">
      <Filter>Header Files</Filter>
    </ClInclude>
    <ClInclude Include="gui\GuiMapManager.h">
      <Filter>Header Files</Filter>
    </ClInclude>
    <ClInclude Include="gui\GuiMapPanel.h">
      <Filter>Header Files</Filter>
    </ClInclude>
    <ClInclude Include="gui\GuiMapReport.h">
      <Filter>Header Files</Filter>
    </ClInclude>
    <ClInclude Include="gui\GuiMapSelect.h">
      <Filter>Header Files</Filter>
    </ClInclude>
    <ClInclude Include="gui\GuiMinorDialogs.h">
      <Filter>Header Files</Filter>
    </ClInclude>
    <ClInclude Include="gui\GuiPersonDialogs.h">
      <Filter>Header Files</Filter>
    </ClInclude>
    <ClInclude Include="gui\GuiProgress.h">
      <Filter>Header Files</Filter>
    </ClInclude>
    <ClInclude Include="gui\GuiSettings.h">
      <Filter>Header Files</Filter>
    </ClInclude>
    <ClInclude Include="gui\GuiStatistics.h">
      <Filter>Header Files</Filter>
    </ClInclude>
    <ClInclude Include="gui\GuiTagDialogs.h">
      <Filter>Header Files</Filter>
    </ClInclude>
    <ClInclude Include="gui\GuiThingDef.h">
      <Filter>Header Files</Filter>
    </ClInclude>
    <ClInclude Include="gui\GuiViewSelect.h">
      <Filter>Header Files</Filter>
    </ClInclude>
    <ClInclude Include="gui\GuiWadEntry.h">
      <Filter>Header Files</Filter>
    </ClInclude>
    <ClInclude Include="gui\GuiWadManager.h">
      <Filter>Header Files</Filter>
    </ClInclude>
    <ClInclude Include="gui\GuiWadPanel.h">
      <Filter>Header Files</Filter>
    </ClInclude>
    <ClInclude Include="gui\GuiWadReport.h">
      <Filter>Header Files</Filter>
    </ClInclude>
    <ClInclude Include="data\MapStats64.h">
      <Filter>Header Files</Filter>
    </ClInclude>
  </ItemGroup>
  <ItemGroup>
    <ClCompile Include="data\DataFilter.cpp">
      <Filter>Source Files</Filter>
    </ClCompile>
    <ClCompile Include="data\DataManager.cpp">
      <Filter>Source Files</Filter>
    </ClCompile>
    <ClCompile Include="data\DataModel.cpp">
      <Filter>Source Files</Filter>
    </ClCompile>
    <ClCompile Include="data\DecorateParser.cpp">
      <Filter>Source Files</Filter>
    </ClCompile>
    <ClCompile Include="data\DehackedParser.cpp">
      <Filter>Source Files</Filter>
    </ClCompile>
    <ClCompile Include="data\HexenMapStats.cpp">
      <Filter>Source Files</Filter>
    </ClCompile>
    <ClCompile Include="data\IncludeParser.cpp">
      <Filter>Source Files</Filter>
    </ClCompile>
    <ClCompile Include="data\MapinfoParser.cpp">
      <Filter>Source Files</Filter>
    </ClCompile>
    <ClCompile Include="data\MapStatistics.cpp">
      <Filter>Source Files</Filter>
    </ClCompile>
    <ClCompile Include="data\MapStats.cpp">
      <Filter>Source Files</Filter>
    </ClCompile>
    <ClCompile Include="data\md5.cpp">
      <Filter>Source Files</Filter>
    </ClCompile>
    <ClCompile Include="data\NodeStats.cpp">
      <Filter>Source Files</Filter>
    </ClCompile>
    <ClCompile Include="data\Pk3Stats.cpp">
      <Filter>Source Files</Filter>
    </ClCompile>
    <ClCompile Include="data\StatisticSet.cpp">
      <Filter>Source Files</Filter>
    </ClCompile>
    <ClCompile Include="data\TaskProgress.cpp">
      <Filter>Source Files</Filter>
    </ClCompile>
    <ClCompile Include="data\TextLumpParser.cpp">
      <Filter>Source Files</Filter>
    </ClCompile>
    <ClCompile Include="data\ThingDef.cpp">
      <Filter>Source Files</Filter>
    </ClCompile>
    <ClCompile Include="data\UdmfMapStats.cpp">
      <Filter>Source Files</Filter>
    </ClCompile>
    <ClCompile Include="data\WadArchive.cpp">
      <Filter>Source Files</Filter>
    </ClCompile>
    <ClCompile Include="data\WadReader.cpp">
      <Filter>Source Files</Filter>
    </ClCompile>
    <ClCompile Include="data\WadStatistics.cpp">
      <Filter>Source Files</Filter>
    </ClCompile>
    <ClCompile Include="data\WadStats.cpp">
      <Filter>Source Files</Filter>
    </ClCompile>
    <ClCompile Include="GuiMain.cpp">
      <Filter>Source Files</Filter>
    </ClCompile>
    <ClCompile Include="LtbUtils.cpp">
      <Filter>Source Files</Filter>
    </ClCompile>
    <ClCompile Include="gui\GuiAspectDialog.cpp">
      <Filter>Source Files</Filter>
    </ClCompile>
    <ClCompile Include="gui\GuiBase.cpp">
      <Filter>Source Files</Filter>
    </ClCompile>
    <ClCompile Include="gui\GuiComboDialog.cpp">
      <Filter>Source Files</Filter>
    </ClCompile>
    <ClCompile Include="gui\GuiEntryList.cpp">
      <Filter>Source Files</Filter>
    </ClCompile>
    <ClCompile Include="gui\GuiFrame.cpp">
      <Filter>Source Files</Filter>
    </ClCompile>
    <ClCompile Include="gui\GuiImagePanel.cpp">
      <Filter>Source Files</Filter>
    </ClCompile>
    <ClCompile Include="gui\GuiMapCommon.cpp">
      <Filter>Source Files</Filter>
    </ClCompile>
    <ClCompile Include="gui\GuiMapEntry.cpp">
      <Filter>Source Files</Filter>
    </ClCompile>
    <ClCompile Include="gui\GuiMapManager.cpp">
      <Filter>Source Files</Filter>
    </ClCompile>
    <ClCompile Include="gui\GuiMapPanel.cpp">
      <Filter>Source Files</Filter>
    </ClCompile>
    <ClCompile Include="gui\GuiMapReport.cpp">
      <Filter>Source Files</Filter>
    </ClCompile>
    <ClCompile Include="gui\GuiMapSelect.cpp">
      <Filter>Source Files</Filter>
    </ClCompile>
    <ClCompile Include="gui\GuiMinorDialogs.cpp">
      <Filter>Source Files</Filter>
    </ClCompile>
    <ClCompile Include="gui\GuiPersonDialogs.cpp">
      <Filter>Source Files</Filter>
    </ClCompile>
    <ClCompile Include="gui\GuiProgress.cpp">
      <Filter>Source Files</Filter>
    </ClCompile>
    <ClCompile Include="gui\GuiSettings.cpp">
      <Filter>Source Files</Filter>
    </ClCompile>
    <ClCompile Include="gui\GuiStatistics.cpp">
      <Filter>Source Files</Filter>
    </ClCompile>
    <ClCompile Include="gui\GuiTagDialogs.cpp">
      <Filter>Source Files</Filter>
    </ClCompile>
    <ClCompile Include="gui\GuiThingDef.cpp">
      <Filter>Source Files</Filter>
    </ClCompile>
    <ClCompile Include="gui\GuiViewSelect.cpp">
      <Filter>Source Files</Filter>
    </ClCompile>
    <ClCompile Include="gui\GuiWadEntry.cpp">
      <Filter>Source Files</Filter>
    </ClCompile>
    <ClCompile Include="gui\GuiWadManager.cpp">
      <Filter>Source Files</Filter>
    </ClCompile>
    <ClCompile Include="gui\GuiWadPanel.cpp">
      <Filter>Source Files</Filter>
    </ClCompile>
    <ClCompile Include="gui\GuiWadReport.cpp">
      <Filter>Source Files</Filter>
    </ClCompile>
    <ClCompile Include="data\MapStats64.cpp">
      <Filter>Source Files</Filter>
    </ClCompile>
  </ItemGroup>
  <ItemGroup>
    <ResourceCompile Include="resource.rc">
      <Filter>Resource Files</Filter>
    </ResourceCompile>
  </ItemGroup>
  <ItemGroup>
    <None Include="bitmaps\add.XPM">
      <Filter>Resource Files</Filter>
    </None>
    <None Include="bitmaps\closed.XPM">
      <Filter>Resource Files</Filter>
    </None>
    <None Include="bitmaps\cog.XPM">
      <Filter>Resource Files</Filter>
    </None>
    <None Include="bitmaps\diradd.XPM">
      <Filter>Resource Files</Filter>
    </None>
    <None Include="bitmaps\dmdb32.XPM">
      <Filter>Resource Files</Filter>
    </None>
    <None Include="bitmaps\dmdb64.XPM">
      <Filter>Resource Files</Filter>
    </None>
    <None Include="bitmaps\open.XPM">
      <Filter>Resource Files</Filter>
    </None>
    <None Include="bitmaps\people.XPM">
      <Filter>Resource Files</Filter>
    </None>
    <None Include="bitmaps\tags.XPM">
      <Filter>Resource Files</Filter>
    </None>
  </ItemGroup>
  <ItemGroup>
    <Image Include="bitmaps\dmdb.ico">
      <Filter>Resource Files</Filter>
    </Image>
  </ItemGroup>
</Project>